
Microsoft Visual Studio Solution File, Format Version 12.00
# Visual Studio Version 16
VisualStudioVersion = 16.0.30523.141
MinimumVisualStudioVersion = 10.0.40219.1
Project("{FAE04EC0-301F-11D3-BF4B-00C04F79EFBC}") = "thread immagini che si muovono tps", "thread immagini che si muovono tps\thread immagini che si muovono tps.csproj", "{91104678-B942-42C9-B867-7767A4135CF5}"
EndProject
Global
	GlobalSection(SolutionConfigurationPlatforms) = preSolution
		Debug|Any CPU = Debug|Any CPU
		Release|Any CPU = Release|Any CPU
	EndGlobalSection
	GlobalSection(ProjectConfigurationPlatforms) = postSolution
		{91104678-B942-42C9-B867-7767A4135CF5}.Debug|Any CPU.ActiveCfg = Debug|Any CPU
		{91104678-B942-42C9-B867-7767A4135CF5}.Debug|Any CPU.Build.0 = Debug|Any CPU
		{91104678-B942-42C9-B867-7767A4135CF5}.Release|Any CPU.ActiveCfg = Release|Any CPU
		{91104678-B942-42C9-B867-7767A4135CF5}.Release|Any CPU.Build.0 = Release|Any CPU
	EndGlobalSection
	GlobalSection(SolutionProperties) = preSolution
		HideSolutionNode = FALSE
	EndGlobalSection
	GlobalSection(ExtensibilityGlobals) = postSolution
		SolutionGuid = {1287636A-20EB-4B0C-9221-32A1369A478D}
	EndGlobalSection
EndGlobal
